// !$*UTF8*$!
{
	archiveVersion = 1;
	classes = {
	};
	objectVersion = 50;
	objects = {

/* Begin PBXBuildFile section */
		6D0860C223A30ABD0068B379 /* AppDelegate.swift in Sources */ = {isa = PBXBuildFile; fileRef = 6D0860C123A30ABD0068B379 /* AppDelegate.swift */; };
		6D0860C423A30ABD0068B379 /* SceneDelegate.swift in Sources */ = {isa = PBXBuildFile; fileRef = 6D0860C323A30ABD0068B379 /* SceneDelegate.swift */; };
		6D0860C923A30ABD0068B379 /* Main.storyboard in Resources */ = {isa = PBXBuildFile; fileRef = 6D0860C723A30ABD0068B379 /* Main.storyboard */; };
		6D0860CB23A30ABF0068B379 /* Assets.xcassets in Resources */ = {isa = PBXBuildFile; fileRef = 6D0860CA23A30ABF0068B379 /* Assets.xcassets */; };
		6D0860CE23A30ABF0068B379 /* LaunchScreen.storyboard in Resources */ = {isa = PBXBuildFile; fileRef = 6D0860CC23A30ABF0068B379 /* LaunchScreen.storyboard */; };
		6D85CD4323C6A50B006DC06C /* Journal.swift in Sources */ = {isa = PBXBuildFile; fileRef = 6D85CD4223C6A50B006DC06C /* Journal.swift */; };
		6D85CD4523C6A511006DC06C /* Entry.swift in Sources */ = {isa = PBXBuildFile; fileRef = 6D85CD4423C6A511006DC06C /* Entry.swift */; };
		6D85CD4723C6A51C006DC06C /* JournalController.swift in Sources */ = {isa = PBXBuildFile; fileRef = 6D85CD4623C6A51C006DC06C /* JournalController.swift */; };
		6D85CD4923C6A525006DC06C /* EntryController.swift in Sources */ = {isa = PBXBuildFile; fileRef = 6D85CD4823C6A525006DC06C /* EntryController.swift */; };
		6D85CD4B23C6A53E006DC06C /* EntryListTableViewController.swift in Sources */ = {isa = PBXBuildFile; fileRef = 6D85CD4A23C6A53E006DC06C /* EntryListTableViewController.swift */; };
		6D85CD4D23C6A546006DC06C /* JournalListTableViewController.swift in Sources */ = {isa = PBXBuildFile; fileRef = 6D85CD4C23C6A546006DC06C /* JournalListTableViewController.swift */; };
		6D85CD4F23C6A560006DC06C /* EntryDetailViewController.swift in Sources */ = {isa = PBXBuildFile; fileRef = 6D85CD4E23C6A560006DC06C /* EntryDetailViewController.swift */; };
/* End PBXBuildFile section */

/* Begin PBXFileReference section */
		6D0860BE23A30ABD0068B379 /* journal.app */ = {isa = PBXFileReference; explicitFileType = wrapper.application; includeInIndex = 0; path = journal.app; sourceTree = BUILT_PRODUCTS_DIR; };
		6D0860C123A30ABD0068B379 /* AppDelegate.swift */ = {isa = PBXFileReference; lastKnownFileType = sourcecode.swift; path = AppDelegate.swift; sourceTree = "<group>"; };
		6D0860C323A30ABD0068B379 /* SceneDelegate.swift */ = {isa = PBXFileReference; lastKnownFileType = sourcecode.swift; path = SceneDelegate.swift; sourceTree = "<group>"; };
		6D0860C823A30ABD0068B379 /* Base */ = {isa = PBXFileReference; lastKnownFileType = file.storyboard; name = Base; path = Base.lproj/Main.storyboard; sourceTree = "<group>"; };
		6D0860CA23A30ABF0068B379 /* Assets.xcassets */ = {isa = PBXFileReference; lastKnownFileType = folder.assetcatalog; path = Assets.xcassets; sourceTree = "<group>"; };
		6D0860CD23A30ABF0068B379 /* Base */ = {isa = PBXFileReference; lastKnownFileType = file.storyboard; name = Base; path = Base.lproj/LaunchScreen.storyboard; sourceTree = "<group>"; };
		6D0860CF23A30ABF0068B379 /* Info.plist */ = {isa = PBXFileReference; lastKnownFileType = text.plist.xml; path = Info.plist; sourceTree = "<group>"; };
		6D85CD4223C6A50B006DC06C /* Journal.swift */ = {isa = PBXFileReference; lastKnownFileType = sourcecode.swift; path = Journal.swift; sourceTree = "<group>"; };
		6D85CD4423C6A511006DC06C /* Entry.swift */ = {isa = PBXFileReference; lastKnownFileType = sourcecode.swift; path = Entry.swift; sourceTree = "<group>"; };
		6D85CD4623C6A51C006DC06C /* JournalController.swift */ = {isa = PBXFileReference; lastKnownFileType = sourcecode.swift; path = JournalController.swift; sourceTree = "<group>"; };
		6D85CD4823C6A525006DC06C /* EntryController.swift */ = {isa = PBXFileReference; lastKnownFileType = sourcecode.swift; path = EntryController.swift; sourceTree = "<group>"; };
		6D85CD4A23C6A53E006DC06C /* EntryListTableViewController.swift */ = {isa = PBXFileReference; lastKnownFileType = sourcecode.swift; path = EntryListTableViewController.swift; sourceTree = "<group>"; };
		6D85CD4C23C6A546006DC06C /* JournalListTableViewController.swift */ = {isa = PBXFileReference; lastKnownFileType = sourcecode.swift; path = JournalListTableViewController.swift; sourceTree = "<group>"; };
		6D85CD4E23C6A560006DC06C /* EntryDetailViewController.swift */ = {isa = PBXFileReference; lastKnownFileType = sourcecode.swift; path = EntryDetailViewController.swift; sourceTree = "<group>"; };
/* End PBXFileReference section */

/* Begin PBXFrameworksBuildPhase section */
		6D0860BB23A30ABD0068B379 /* Frameworks */ = {
			isa = PBXFrameworksBuildPhase;
			buildActionMask = 2147483647;
			files = (
			);
			runOnlyForDeploymentPostprocessing = 0;
		};
/* End PBXFrameworksBuildPhase section */

/* Begin PBXGroup section */
		6D0860B523A30ABD0068B379 = {
			isa = PBXGroup;
			children = (
				6D0860C023A30ABD0068B379 /* journal */,
				6D0860BF23A30ABD0068B379 /* Products */,
			);
			sourceTree = "<group>";
		};
		6D0860BF23A30ABD0068B379 /* Products */ = {
			isa = PBXGroup;
			children = (
				6D0860BE23A30ABD0068B379 /* journal.app */,
			);
			name = Products;
			sourceTree = "<group>";
		};
		6D0860C023A30ABD0068B379 /* journal */ = {
			isa = PBXGroup;
			children = (
				6D0860D923A30C440068B379 /* ViewControllers */,
				6D0860D823A30C3E0068B379 /* ModelControllers */,
				6D0860D723A30C390068B379 /* Models */,
				6D0860D623A30C270068B379 /* Storyboards */,
				6D0860D523A30C200068B379 /* Resources */,
			);
			path = journal;
			sourceTree = "<group>";
		};
		6D0860D523A30C200068B379 /* Resources */ = {
			isa = PBXGroup;
			children = (
				6D0860C123A30ABD0068B379 /* AppDelegate.swift */,
				6D0860C323A30ABD0068B379 /* SceneDelegate.swift */,
				6D0860CA23A30ABF0068B379 /* Assets.xcassets */,
				6D0860CF23A30ABF0068B379 /* Info.plist */,
			);
			path = Resources;
			sourceTree = "<group>";
		};
		6D0860D623A30C270068B379 /* Storyboards */ = {
			isa = PBXGroup;
			children = (
				6D0860C723A30ABD0068B379 /* Main.storyboard */,
				6D0860CC23A30ABF0068B379 /* LaunchScreen.storyboard */,
			);
			path = Storyboards;
			sourceTree = "<group>";
		};
		6D0860D723A30C390068B379 /* Models */ = {
			isa = PBXGroup;
			children = (
				6D85CD4223C6A50B006DC06C /* Journal.swift */,
				6D85CD4423C6A511006DC06C /* Entry.swift */,
			);
			path = Models;
			sourceTree = "<group>";
		};
		6D0860D823A30C3E0068B379 /* ModelControllers */ = {
			isa = PBXGroup;
			children = (
				6D85CD4623C6A51C006DC06C /* JournalController.swift */,
				6D85CD4823C6A525006DC06C /* EntryController.swift */,
			);
			path = ModelControllers;
			sourceTree = "<group>";
		};
		6D0860D923A30C440068B379 /* ViewControllers */ = {
			isa = PBXGroup;
			children = (
				6D85CD4A23C6A53E006DC06C /* EntryListTableViewController.swift */,
				6D85CD4C23C6A546006DC06C /* JournalListTableViewController.swift */,
				6D85CD4E23C6A560006DC06C /* EntryDetailViewController.swift */,
			);
			path = ViewControllers;
			sourceTree = "<group>";
		};
/* End PBXGroup section */

/* Begin PBXNativeTarget section */
		6D0860BD23A30ABD0068B379 /* journal */ = {
			isa = PBXNativeTarget;
			buildConfigurationList = 6D0860D223A30ABF0068B379 /* Build configuration list for PBXNativeTarget "journal" */;
			buildPhases = (
				6D0860BA23A30ABD0068B379 /* Sources */,
				6D0860BB23A30ABD0068B379 /* Frameworks */,
				6D0860BC23A30ABD0068B379 /* Resources */,
			);
			buildRules = (
			);
			dependencies = (
			);
			name = journal;
			productName = journal;
			productReference = 6D0860BE23A30ABD0068B379 /* journal.app */;
			productType = "com.apple.product-type.application";
		};
/* End PBXNativeTarget section */

/* Begin PBXProject section */
		6D0860B623A30ABD0068B379 /* Project object */ = {
			isa = PBXProject;
			attributes = {
				LastSwiftUpdateCheck = 1120;
				LastUpgradeCheck = 1120;
				ORGANIZATIONNAME = jdcorn;
				TargetAttributes = {
					6D0860BD23A30ABD0068B379 = {
						CreatedOnToolsVersion = 11.2;
					};
				};
			};
			buildConfigurationList = 6D0860B923A30ABD0068B379 /* Build configuration list for PBXProject "journal" */;
			compatibilityVersion = "Xcode 9.3";
			developmentRegion = en;
			hasScannedForEncodings = 0;
			knownRegions = (
				en,
				Base,
			);
			mainGroup = 6D0860B523A30ABD0068B379;
			productRefGroup = 6D0860BF23A30ABD0068B379 /* Products */;
			projectDirPath = "";
			projectRoot = "";
			targets = (
				6D0860BD23A30ABD0068B379 /* journal */,
			);
		};
/* End PBXProject section */

/* Begin PBXResourcesBuildPhase section */
		6D0860BC23A30ABD0068B379 /* Resources */ = {
			isa = PBXResourcesBuildPhase;
			buildActionMask = 2147483647;
			files = (
				6D0860CE23A30ABF0068B379 /* LaunchScreen.storyboard in Resources */,
				6D0860CB23A30ABF0068B379 /* Assets.xcassets in Resources */,
				6D0860C923A30ABD0068B379 /* Main.storyboard in Resources */,
			);
			runOnlyForDeploymentPostprocessing = 0;
		};
/* End PBXResourcesBuildPhase section */

/* Begin PBXSourcesBuildPhase section */
		6D0860BA23A30ABD0068B379 /* Sources */ = {
			isa = PBXSourcesBuildPhase;
			buildActionMask = 2147483647;
			files = (
				6D85CD4923C6A525006DC06C /* EntryController.swift in Sources */,
				6D85CD4523C6A511006DC06C /* Entry.swift in Sources */,
				6D0860C223A30ABD0068B379 /* AppDelegate.swift in Sources */,
				6D85CD4B23C6A53E006DC06C /* EntryListTableViewController.swift in Sources */,
				6D0860C423A30ABD0068B379 /* SceneDelegate.swift in Sources */,
				6D85CD4D23C6A546006DC06C /* JournalListTableViewController.swift in Sources */,
				6D85CD4723C6A51C006DC06C /* JournalController.swift in Sources */,
				6D85CD4F23C6A560006DC06C /* EntryDetailViewController.swift in Sources */,
				6D85CD4323C6A50B006DC06C /* Journal.swift in Sources */,
			);
			runOnlyForDeploymentPostprocessing = 0;
		};
/* End PBXSourcesBuildPhase section */

/* Begin PBXVariantGroup section */
		6D0860C723A30ABD0068B379 /* Main.storyboard */ = {
			isa = PBXVariantGroup;
			children = (
				6D0860C823A30ABD0068B379 /* Base */,
			);
			name = Main.storyboard;
			sourceTree = "<group>";
		};
		6D0860CC23A30ABF0068B379 /* LaunchScreen.storyboard */ = {
			isa = PBXVariantGroup;
			children = (
				6D0860CD23A30ABF0068B379 /* Base */,
			);
			name = LaunchScreen.storyboard;
			sourceTree = "<group>";
		};
/* End PBXVariantGroup section */

/* Begin XCBuildConfiguration section */
		6D0860D023A30ABF0068B379 /* Debug */ = {
			isa = XCBuildConfiguration;
			buildSettings = {
				ALWAYS_SEARCH_USER_PATHS = NO;
				CLANG_ANALYZER_NONNULL = YES;
				CLANG_ANALYZER_NUMBER_OBJECT_CONVERSION = YES_AGGRESSIVE;
				CLANG_CXX_LANGUAGE_STANDARD = "gnu++14";
				CLANG_CXX_LIBRARY = "libc++";
				CLANG_ENABLE_MODULES = YES;
				CLANG_ENABLE_OBJC_ARC = YES;
				CLANG_ENABLE_OBJC_WEAK = YES;
				CLANG_WARN_BLOCK_CAPTURE_AUTORELEASING = YES;
				CLANG_WARN_BOOL_CONVERSION = YES;
				CLANG_WARN_COMMA = YES;
				CLANG_WARN_CONSTANT_CONVERSION = YES;
				CLANG_WARN_DEPRECATED_OBJC_IMPLEMENTATIONS = YES;
				CLANG_WARN_DIRECT_OBJC_ISA_USAGE = YES_ERROR;
				CLANG_WARN_DOCUMENTATION_COMMENTS = YES;
				CLANG_WARN_EMPTY_BODY = YES;
				CLANG_WARN_ENUM_CONVERSION = YES;
				CLANG_WARN_INFINITE_RECURSION = YES;
				CLANG_WARN_INT_CONVERSION = YES;
				CLANG_WARN_NON_LITERAL_NULL_CONVERSION = YES;
				CLANG_WARN_OBJC_IMPLICIT_RETAIN_SELF = YES;
				CLANG_WARN_OBJC_LITERAL_CONVERSION = YES;
				CLANG_WARN_OBJC_ROOT_CLASS = YES_ERROR;
				CLANG_WARN_RANGE_LOOP_ANALYSIS = YES;
				CLANG_WARN_STRICT_PROTOTYPES = YES;
				CLANG_WARN_SUSPICIOUS_MOVE = YES;
				CLANG_WARN_UNGUARDED_AVAILABILITY = YES_AGGRESSIVE;
				CLANG_WARN_UNREACHABLE_CODE = YES;
				CLANG_WARN__DUPLICATE_METHOD_MATCH = YES;
				COPY_PHASE_STRIP = NO;
				DEBUG_INFORMATION_FORMAT = dwarf;
				ENABLE_STRICT_OBJC_MSGSEND = YES;
				ENABLE_TESTABILITY = YES;
				GCC_C_LANGUAGE_STANDARD = gnu11;
				GCC_DYNAMIC_NO_PIC = NO;
				GCC_NO_COMMON_BLOCKS = YES;
				GCC_OPTIMIZATION_LEVEL = 0;
				GCC_PREPROCESSOR_DEFINITIONS = (
					"DEBUG=1",
					"$(inherited)",
				);
				GCC_WARN_64_TO_32_BIT_CONVERSION = YES;
				GCC_WARN_ABOUT_RETURN_TYPE = YES_ERROR;
				GCC_WARN_UNDECLARED_SELECTOR = YES;
				GCC_WARN_UNINITIALIZED_AUTOS = YES_AGGRESSIVE;
				GCC_WARN_UNUSED_FUNCTION = YES;
				GCC_WARN_UNUSED_VARIABLE = YES;
				IPHONEOS_DEPLOYMENT_TARGET = 13.2;
				MTL_ENABLE_DEBUG_INFO = INCLUDE_SOURCE;
				MTL_FAST_MATH = YES;
				ONLY_ACTIVE_ARCH = YES;
				SDKROOT = iphoneos;
				SWIFT_ACTIVE_COMPILATION_CONDITIONS = DEBUG;
				SWIFT_OPTIMIZATION_LEVEL = "-Onone";
			};
			name = Debug;
		};
		6D0860D123A30ABF0068B379 /* Release */ = {
			isa = XCBuildConfiguration;
			buildSettings = {
				ALWAYS_SEARCH_USER_PATHS = NO;
				CLANG_ANALYZER_NONNULL = YES;
				CLANG_ANALYZER_NUMBER_OBJECT_CONVERSION = YES_AGGRESSIVE;
				CLANG_CXX_LANGUAGE_STANDARD = "gnu++14";
				CLANG_CXX_LIBRARY = "libc++";
				CLANG_ENABLE_MODULES = YES;
				CLANG_ENABLE_OBJC_ARC = YES;
				CLANG_ENABLE_OBJC_WEAK = YES;
				CLANG_WARN_BLOCK_CAPTURE_AUTORELEASING = YES;
				CLANG_WARN_BOOL_CONVERSION = YES;
				CLANG_WARN_COMMA = YES;
				CLANG_WARN_CONSTANT_CONVERSION = YES;
				CLANG_WARN_DEPRECATED_OBJC_IMPLEMENTATIONS = YES;
				CLANG_WARN_DIRECT_OBJC_ISA_USAGE = YES_ERROR;
				CLANG_WARN_DOCUMENTATION_COMMENTS = YES;
				CLANG_WARN_EMPTY_BODY = YES;
				CLANG_WARN_ENUM_CONVERSION = YES;
				CLANG_WARN_INFINITE_RECURSION = YES;
				CLANG_WARN_INT_CONVERSION = YES;
				CLANG_WARN_NON_LITERAL_NULL_CONVERSION = YES;
				CLANG_WARN_OBJC_IMPLICIT_RETAIN_SELF = YES;
				CLANG_WARN_OBJC_LITERAL_CONVERSION = YES;
				CLANG_WARN_OBJC_ROOT_CLASS = YES_ERROR;
				CLANG_WARN_RANGE_LOOP_ANALYSIS = YES;
				CLANG_WARN_STRICT_PROTOTYPES = YES;
				CLANG_WARN_SUSPICIOUS_MOVE = YES;
				CLANG_WARN_UNGUARDED_AVAILABILITY = YES_AGGRESSIVE;
				CLANG_WARN_UNREACHABLE_CODE = YES;
				CLANG_WARN__DUPLICATE_METHOD_MATCH = YES;
				COPY_PHASE_STRIP = NO;
				DEBUG_INFORMATION_FORMAT = "dwarf-with-dsym";
				ENABLE_NS_ASSERTIONS = NO;
				ENABLE_STRICT_OBJC_MSGSEND = YES;
				GCC_C_LANGUAGE_STANDARD = gnu11;
				GCC_NO_COMMON_BLOCKS = YES;
				GCC_WARN_64_TO_32_BIT_CONVERSION = YES;
				GCC_WARN_ABOUT_RETURN_TYPE = YES_ERROR;
				GCC_WARN_UNDECLARED_SELECTOR = YES;
				GCC_WARN_UNINITIALIZED_AUTOS = YES_AGGRESSIVE;
				GCC_WARN_UNUSED_FUNCTION = YES;
				GCC_WARN_UNUSED_VARIABLE = YES;
				IPHONEOS_DEPLOYMENT_TARGET = 13.2;
				MTL_ENABLE_DEBUG_INFO = NO;
				MTL_FAST_MATH = YES;
				SDKROOT = iphoneos;
				SWIFT_COMPILATION_MODE = wholemodule;
				SWIFT_OPTIMIZATION_LEVEL = "-O";
				VALIDATE_PRODUCT = YES;
			};
			name = Release;
		};
		6D0860D323A30ABF0068B379 /* Debug */ = {
			isa = XCBuildConfiguration;
			buildSettings = {
				ASSETCATALOG_COMPILER_APPICON_NAME = AppIcon;
				CODE_SIGN_STYLE = Automatic;
				INFOPLIST_FILE = "$(SRCROOT)/journal/Resources/Info.plist";
				LD_RUNPATH_SEARCH_PATHS = (
					"$(inherited)",
					"@executable_path/Frameworks",
				);
				PRODUCT_BUNDLE_IDENTIFIER = com.jdcorn.journal;
				PRODUCT_NAME = "$(TARGET_NAME)";
				SWIFT_VERSION = 5.0;
				TARGETED_DEVICE_FAMILY = "1,2";
			};
			name = Debug;
		};
		6D0860D423A30ABF0068B379 /* Release */ = {
			isa = XCBuildConfiguration;
			buildSettings = {
				ASSETCATALOG_COMPILER_APPICON_NAME = AppIcon;
				CODE_SIGN_STYLE = Automatic;
				INFOPLIST_FILE = "$(SRCROOT)/journal/Resources/Info.plist";
				LD_RUNPATH_SEARCH_PATHS = (
					"$(inherited)",
					"@executable_path/Frameworks",
				);
				PRODUCT_BUNDLE_IDENTIFIER = com.jdcorn.journal;
				PRODUCT_NAME = "$(TARGET_NAME)";
				SWIFT_VERSION = 5.0;
				TARGETED_DEVICE_FAMILY = "1,2";
			};
			name = Release;
		};
/* End XCBuildConfiguration section */

/* Begin XCConfigurationList section */
		6D0860B923A30ABD0068B379 /* Build configuration list for PBXProject "journal" */ = {
			isa = XCConfigurationList;
			buildConfigurations = (
				6D0860D023A30ABF0068B379 /* Debug */,
				6D0860D123A30ABF0068B379 /* Release */,
			);
			defaultConfigurationIsVisible = 0;
			defaultConfigurationName = Release;
		};
		6D0860D223A30ABF0068B379 /* Build configuration list for PBXNativeTarget "journal" */ = {
			isa = XCConfigurationList;
			buildConfigurations = (
				6D0860D323A30ABF0068B379 /* Debug */,
				6D0860D423A30ABF0068B379 /* Release */,
			);
			defaultConfigurationIsVisible = 0;
			defaultConfigurationName = Release;
		};
/* End XCConfigurationList section */
	};
	rootObject = 6D0860B623A30ABD0068B379 /* Project object */;
}
